
Microsoft Visual Studio Solution File, Format Version 12.00
#
Project("{FAE04EC0-301F-11D3-BF4B-00C04F79EFBC}") = "MvcApp", "MvcApp\MvcApp.csproj", "{08FE4793-970A-405F-8026-63359E76441C}"
EndProject
Project("{FAE04EC0-301F-11D3-BF4B-00C04F79EFBC}") = "IdentityServer", "IdentityServer\IdentityServer.csproj", "{682B02EA-0245-487B-9494-27673ECAF4C6}"
EndProject
Project("{FAE04EC0-301F-11D3-BF4B-00C04F79EFBC}") = "FrameworkApi", "FrameworkApi\FrameworkApi.csproj", "{32698F89-67F3-43A4-9A6A-ECBED1E05ACE}"
EndProject
Global
	GlobalSection(SolutionConfigurationPlatforms) = preSolution
		Debug|Any CPU = Debug|Any CPU
		Release|Any CPU = Release|Any CPU
	EndGlobalSection
	GlobalSection(NestedProjects) = preSolution
	EndGlobalSection
	GlobalSection(ProjectConfigurationPlatforms) = postSolution
		{08FE4793-970A-405F-8026-63359E76441C}.Debug|Any CPU.ActiveCfg = Debug|Any CPU
		{08FE4793-970A-405F-8026-63359E76441C}.Debug|Any CPU.Build.0 = Debug|Any CPU
		{08FE4793-970A-405F-8026-63359E76441C}.Release|Any CPU.ActiveCfg = Release|Any CPU
		{08FE4793-970A-405F-8026-63359E76441C}.Release|Any CPU.Build.0 = Release|Any CPU
		{682B02EA-0245-487B-9494-27673ECAF4C6}.Debug|Any CPU.ActiveCfg = Debug|Any CPU
		{682B02EA-0245-487B-9494-27673ECAF4C6}.Debug|Any CPU.Build.0 = Debug|Any CPU
		{682B02EA-0245-487B-9494-27673ECAF4C6}.Release|Any CPU.ActiveCfg = Release|Any CPU
		{682B02EA-0245-487B-9494-27673ECAF4C6}.Release|Any CPU.Build.0 = Release|Any CPU
		{32698F89-67F3-43A4-9A6A-ECBED1E05ACE}.Debug|Any CPU.ActiveCfg = Debug|Any CPU
		{32698F89-67F3-43A4-9A6A-ECBED1E05ACE}.Debug|Any CPU.Build.0 = Debug|Any CPU
		{32698F89-67F3-43A4-9A6A-ECBED1E05ACE}.Release|Any CPU.ActiveCfg = Release|Any CPU
		{32698F89-67F3-43A4-9A6A-ECBED1E05ACE}.Release|Any CPU.Build.0 = Release|Any CPU
	EndGlobalSection
EndGlobal
